
Microsoft Visual Studio Solution File, Format Version 12.00
# Visual Studio Version 16
VisualStudioVersion = 16.0.30225.117
MinimumVisualStudioVersion = 10.0.40219.1
Project("{FAE04EC0-301F-11D3-BF4B-00C04F79EFBC}") = "BanVeDiTourDuLich", "BanVeDiTourDuLich\BanVeDiTourDuLich.csproj", "{718604D0-101F-4320-8220-48A46EF27388}"
EndProject
Global
	GlobalSection(SolutionConfigurationPlatforms) = preSolution
		Debug|Any CPU = Debug|Any CPU
		Release|Any CPU = Release|Any CPU
	EndGlobalSection
	GlobalSection(ProjectConfigurationPlatforms) = postSolution
		{718604D0-101F-4320-8220-48A46EF27388}.Debug|Any CPU.ActiveCfg = Debug|Any CPU
		{718604D0-101F-4320-8220-48A46EF27388}.Debug|Any CPU.Build.0 = Debug|Any CPU
		{718604D0-101F-4320-8220-48A46EF27388}.Release|Any CPU.ActiveCfg = Release|Any CPU
		{718604D0-101F-4320-8220-48A46EF27388}.Release|Any CPU.Build.0 = Release|Any CPU
	EndGlobalSection
	GlobalSection(SolutionProperties) = preSolution
		HideSolutionNode = FALSE
	EndGlobalSection
	GlobalSection(ExtensibilityGlobals) = postSolution
		SolutionGuid = {DD59674A-B222-46D5-B1B6-E6E932660C10}
	EndGlobalSection
EndGlobal
